// !$*UTF8*$!
{
	archiveVersion = 1;
	classes = {
	};
	objectVersion = 50;
	objects = {

/* Begin PBXBuildFile section */
		B02DF388245C685D00F29F4C /* ImageLoader.swift in Sources */ = {isa = PBXBuildFile; fileRef = B02DF387245C685D00F29F4C /* ImageLoader.swift */; };
		B070D6D6245BA9F000FDF4A5 /* AppDelegate.swift in Sources */ = {isa = PBXBuildFile; fileRef = B070D6D5245BA9F000FDF4A5 /* AppDelegate.swift */; };
		B070D6D8245BA9F000FDF4A5 /* SceneDelegate.swift in Sources */ = {isa = PBXBuildFile; fileRef = B070D6D7245BA9F000FDF4A5 /* SceneDelegate.swift */; };
		B070D6DA245BA9F000FDF4A5 /* VideoListView.swift in Sources */ = {isa = PBXBuildFile; fileRef = B070D6D9245BA9F000FDF4A5 /* VideoListView.swift */; };
		B070D6DC245BA9F100FDF4A5 /* Assets.xcassets in Resources */ = {isa = PBXBuildFile; fileRef = B070D6DB245BA9F100FDF4A5 /* Assets.xcassets */; };
		B070D6DF245BA9F100FDF4A5 /* Preview Assets.xcassets in Resources */ = {isa = PBXBuildFile; fileRef = B070D6DE245BA9F100FDF4A5 /* Preview Assets.xcassets */; };
		B070D6E2245BA9F100FDF4A5 /* LaunchScreen.storyboard in Resources */ = {isa = PBXBuildFile; fileRef = B070D6E0245BA9F100FDF4A5 /* LaunchScreen.storyboard */; };
		B070D6EB245BD74400FDF4A5 /* Video.swift in Sources */ = {isa = PBXBuildFile; fileRef = B070D6EA245BD74400FDF4A5 /* Video.swift */; };
		B070D6EE245BD79800FDF4A5 /* VideoService.swift in Sources */ = {isa = PBXBuildFile; fileRef = B070D6ED245BD79800FDF4A5 /* VideoService.swift */; };
		B070D6F0245BDBF200FDF4A5 /* WebService.swift in Sources */ = {isa = PBXBuildFile; fileRef = B070D6EF245BDBF200FDF4A5 /* WebService.swift */; };
		B070D6F3245BDEE500FDF4A5 /* VideoListViewModel.swift in Sources */ = {isa = PBXBuildFile; fileRef = B070D6F2245BDEE500FDF4A5 /* VideoListViewModel.swift */; };
		B09C5BC6245DB99C008B141C /* VideoDetailView.swift in Sources */ = {isa = PBXBuildFile; fileRef = B09C5BC5245DB99C008B141C /* VideoDetailView.swift */; };
		B09C5BCC245DDFF1008B141C /* VideoRowView.swift in Sources */ = {isa = PBXBuildFile; fileRef = B09C5BCB245DDFF1008B141C /* VideoRowView.swift */; };
		B09C5BCF245DE2ED008B141C /* TestPreviewVideoResult.swift in Sources */ = {isa = PBXBuildFile; fileRef = B09C5BCE245DE2ED008B141C /* TestPreviewVideoResult.swift */; };
		B09C5BD1245DEAF8008B141C /* VideoPlayer.swift in Sources */ = {isa = PBXBuildFile; fileRef = B09C5BD0245DEAF8008B141C /* VideoPlayer.swift */; };
		B09C5BD3245DED54008B141C /* VideoPlayerView.swift in Sources */ = {isa = PBXBuildFile; fileRef = B09C5BD2245DED54008B141C /* VideoPlayerView.swift */; };
		B0BD9D25245F1FED00FE4182 /* ActionableVideoView.swift in Sources */ = {isa = PBXBuildFile; fileRef = B0BD9D24245F1FED00FE4182 /* ActionableVideoView.swift */; };
		B0BD9D2B245F733C00FE4182 /* ImageCache.swift in Sources */ = {isa = PBXBuildFile; fileRef = B0BD9D2A245F733C00FE4182 /* ImageCache.swift */; };
		B0C76BD0245E2428001B47BF /* Environment.swift in Sources */ = {isa = PBXBuildFile; fileRef = B0C76BCF245E2428001B47BF /* Environment.swift */; };
		B0D3F1DE245CAB8E003E44B6 /* AsyncImage.swift in Sources */ = {isa = PBXBuildFile; fileRef = B0D3F1DD245CAB8E003E44B6 /* AsyncImage.swift */; };
/* End PBXBuildFile section */

/* Begin PBXFileReference section */
		B02DF387245C685D00F29F4C /* ImageLoader.swift */ = {isa = PBXFileReference; lastKnownFileType = sourcecode.swift; path = ImageLoader.swift; sourceTree = "<group>"; };
		B070D6D2245BA9F000FDF4A5 /* PhotoSchoolDemo.app */ = {isa = PBXFileReference; explicitFileType = wrapper.application; includeInIndex = 0; path = PhotoSchoolDemo.app; sourceTree = BUILT_PRODUCTS_DIR; };
		B070D6D5245BA9F000FDF4A5 /* AppDelegate.swift */ = {isa = PBXFileReference; lastKnownFileType = sourcecode.swift; path = AppDelegate.swift; sourceTree = "<group>"; };
		B070D6D7245BA9F000FDF4A5 /* SceneDelegate.swift */ = {isa = PBXFileReference; lastKnownFileType = sourcecode.swift; path = SceneDelegate.swift; sourceTree = "<group>"; };
		B070D6D9245BA9F000FDF4A5 /* VideoListView.swift */ = {isa = PBXFileReference; lastKnownFileType = sourcecode.swift; path = VideoListView.swift; sourceTree = "<group>"; };
		B070D6DB245BA9F100FDF4A5 /* Assets.xcassets */ = {isa = PBXFileReference; lastKnownFileType = folder.assetcatalog; path = Assets.xcassets; sourceTree = "<group>"; };
		B070D6DE245BA9F100FDF4A5 /* Preview Assets.xcassets */ = {isa = PBXFileReference; lastKnownFileType = folder.assetcatalog; path = "Preview Assets.xcassets"; sourceTree = "<group>"; };
		B070D6E1245BA9F100FDF4A5 /* Base */ = {isa = PBXFileReference; lastKnownFileType = file.storyboard; name = Base; path = Base.lproj/LaunchScreen.storyboard; sourceTree = "<group>"; };
		B070D6E3245BA9F100FDF4A5 /* Info.plist */ = {isa = PBXFileReference; lastKnownFileType = text.plist.xml; path = Info.plist; sourceTree = "<group>"; };
		B070D6EA245BD74400FDF4A5 /* Video.swift */ = {isa = PBXFileReference; lastKnownFileType = sourcecode.swift; path = Video.swift; sourceTree = "<group>"; };
		B070D6ED245BD79800FDF4A5 /* VideoService.swift */ = {isa = PBXFileReference; lastKnownFileType = sourcecode.swift; path = VideoService.swift; sourceTree = "<group>"; };
		B070D6EF245BDBF200FDF4A5 /* WebService.swift */ = {isa = PBXFileReference; lastKnownFileType = sourcecode.swift; path = WebService.swift; sourceTree = "<group>"; };
		B070D6F2245BDEE500FDF4A5 /* VideoListViewModel.swift */ = {isa = PBXFileReference; lastKnownFileType = sourcecode.swift; path = VideoListViewModel.swift; sourceTree = "<group>"; };
		B09C5BC5245DB99C008B141C /* VideoDetailView.swift */ = {isa = PBXFileReference; lastKnownFileType = sourcecode.swift; path = VideoDetailView.swift; sourceTree = "<group>"; };
		B09C5BCB245DDFF1008B141C /* VideoRowView.swift */ = {isa = PBXFileReference; lastKnownFileType = sourcecode.swift; path = VideoRowView.swift; sourceTree = "<group>"; };
		B09C5BCE245DE2ED008B141C /* TestPreviewVideoResult.swift */ = {isa = PBXFileReference; lastKnownFileType = sourcecode.swift; path = TestPreviewVideoResult.swift; sourceTree = "<group>"; };
		B09C5BD0245DEAF8008B141C /* VideoPlayer.swift */ = {isa = PBXFileReference; lastKnownFileType = sourcecode.swift; path = VideoPlayer.swift; sourceTree = "<group>"; };
		B09C5BD2245DED54008B141C /* VideoPlayerView.swift */ = {isa = PBXFileReference; lastKnownFileType = sourcecode.swift; path = VideoPlayerView.swift; sourceTree = "<group>"; };
		B0BD9D24245F1FED00FE4182 /* ActionableVideoView.swift */ = {isa = PBXFileReference; lastKnownFileType = sourcecode.swift; path = ActionableVideoView.swift; sourceTree = "<group>"; };
		B0BD9D2A245F733C00FE4182 /* ImageCache.swift */ = {isa = PBXFileReference; lastKnownFileType = sourcecode.swift; path = ImageCache.swift; sourceTree = "<group>"; };
		B0C76BCF245E2428001B47BF /* Environment.swift */ = {isa = PBXFileReference; lastKnownFileType = sourcecode.swift; path = Environment.swift; sourceTree = "<group>"; };
		B0D3F1DD245CAB8E003E44B6 /* AsyncImage.swift */ = {isa = PBXFileReference; lastKnownFileType = sourcecode.swift; path = AsyncImage.swift; sourceTree = "<group>"; };
/* End PBXFileReference section */

/* Begin PBXFrameworksBuildPhase section */
		B070D6CF245BA9F000FDF4A5 /* Frameworks */ = {
			isa = PBXFrameworksBuildPhase;
			buildActionMask = 2147483647;
			files = (
			);
			runOnlyForDeploymentPostprocessing = 0;
		};
/* End PBXFrameworksBuildPhase section */

/* Begin PBXGroup section */
		B02DF389245C6FC100F29F4C /* View */ = {
			isa = PBXGroup;
			children = (
				B0D3F1DD245CAB8E003E44B6 /* AsyncImage.swift */,
				B0BD9D26245F240300FE4182 /* VideoList */,
				B0BD9D27245F241500FE4182 /* VideoDetail */,
			);
			path = View;
			sourceTree = "<group>";
		};
		B070D6C9245BA9F000FDF4A5 = {
			isa = PBXGroup;
			children = (
				B070D6D4245BA9F000FDF4A5 /* PhotoSchoolDemo */,
				B070D6D3245BA9F000FDF4A5 /* Products */,
			);
			sourceTree = "<group>";
		};
		B070D6D3245BA9F000FDF4A5 /* Products */ = {
			isa = PBXGroup;
			children = (
				B070D6D2245BA9F000FDF4A5 /* PhotoSchoolDemo.app */,
			);
			name = Products;
			sourceTree = "<group>";
		};
		B070D6D4245BA9F000FDF4A5 /* PhotoSchoolDemo */ = {
			isa = PBXGroup;
			children = (
				B0BD9D29245F729600FE4182 /* Utility */,
				B0D3F1DF245CABB6003E44B6 /* Environment */,
				B070D6EC245BD78B00FDF4A5 /* Service */,
				B070D6F1245BDCB500FDF4A5 /* ViewModel */,
				B070D6E9245BD73800FDF4A5 /* Model */,
				B02DF389245C6FC100F29F4C /* View */,
				B09C5BCD245DE2C1008B141C /* PreviewingData */,
				B070D6D5245BA9F000FDF4A5 /* AppDelegate.swift */,
				B070D6D7245BA9F000FDF4A5 /* SceneDelegate.swift */,
				B070D6DB245BA9F100FDF4A5 /* Assets.xcassets */,
				B070D6E0245BA9F100FDF4A5 /* LaunchScreen.storyboard */,
				B070D6E3245BA9F100FDF4A5 /* Info.plist */,
				B070D6DD245BA9F100FDF4A5 /* Preview Content */,
			);
			path = PhotoSchoolDemo;
			sourceTree = "<group>";
		};
		B070D6DD245BA9F100FDF4A5 /* Preview Content */ = {
			isa = PBXGroup;
			children = (
				B070D6DE245BA9F100FDF4A5 /* Preview Assets.xcassets */,
			);
			path = "Preview Content";
			sourceTree = "<group>";
		};
		B070D6E9245BD73800FDF4A5 /* Model */ = {
			isa = PBXGroup;
			children = (
				B070D6EA245BD74400FDF4A5 /* Video.swift */,
			);
			path = Model;
			sourceTree = "<group>";
		};
		B070D6EC245BD78B00FDF4A5 /* Service */ = {
			isa = PBXGroup;
			children = (
				B070D6EF245BDBF200FDF4A5 /* WebService.swift */,
				B070D6ED245BD79800FDF4A5 /* VideoService.swift */,
			);
			path = Service;
			sourceTree = "<group>";
		};
		B070D6F1245BDCB500FDF4A5 /* ViewModel */ = {
			isa = PBXGroup;
			children = (
				B070D6F2245BDEE500FDF4A5 /* VideoListViewModel.swift */,
			);
			path = ViewModel;
			sourceTree = "<group>";
		};
		B09C5BCD245DE2C1008B141C /* PreviewingData */ = {
			isa = PBXGroup;
			children = (
				B09C5BCE245DE2ED008B141C /* TestPreviewVideoResult.swift */,
			);
			path = PreviewingData;
			sourceTree = "<group>";
		};
		B0BD9D26245F240300FE4182 /* VideoList */ = {
			isa = PBXGroup;
			children = (
				B070D6D9245BA9F000FDF4A5 /* VideoListView.swift */,
				B09C5BCB245DDFF1008B141C /* VideoRowView.swift */,
			);
			path = VideoList;
			sourceTree = "<group>";
		};
		B0BD9D27245F241500FE4182 /* VideoDetail */ = {
			isa = PBXGroup;
			children = (
				B09C5BC5245DB99C008B141C /* VideoDetailView.swift */,
				B09C5BD2245DED54008B141C /* VideoPlayerView.swift */,
				B0BD9D24245F1FED00FE4182 /* ActionableVideoView.swift */,
			);
			path = VideoDetail;
			sourceTree = "<group>";
		};
		B0BD9D29245F729600FE4182 /* Utility */ = {
			isa = PBXGroup;
			children = (
				B02DF387245C685D00F29F4C /* ImageLoader.swift */,
				B0BD9D2A245F733C00FE4182 /* ImageCache.swift */,
				B09C5BD0245DEAF8008B141C /* VideoPlayer.swift */,
			);
			path = Utility;
			sourceTree = "<group>";
		};
		B0D3F1DF245CABB6003E44B6 /* Environment */ = {
			isa = PBXGroup;
			children = (
				B0C76BCF245E2428001B47BF /* Environment.swift */,
			);
			path = Environment;
			sourceTree = "<group>";
		};
/* End PBXGroup section */

/* Begin PBXNativeTarget section */
		B070D6D1245BA9F000FDF4A5 /* PhotoSchoolDemo */ = {
			isa = PBXNativeTarget;
			buildConfigurationList = B070D6E6245BA9F100FDF4A5 /* Build configuration list for PBXNativeTarget "PhotoSchoolDemo" */;
			buildPhases = (
				B070D6CE245BA9F000FDF4A5 /* Sources */,
				B070D6CF245BA9F000FDF4A5 /* Frameworks */,
				B070D6D0245BA9F000FDF4A5 /* Resources */,
			);
			buildRules = (
			);
			dependencies = (
			);
			name = PhotoSchoolDemo;
			productName = PhotoSchoolDemo;
			productReference = B070D6D2245BA9F000FDF4A5 /* PhotoSchoolDemo.app */;
			productType = "com.apple.product-type.application";
		};
/* End PBXNativeTarget section */

/* Begin PBXProject section */
		B070D6CA245BA9F000FDF4A5 /* Project object */ = {
			isa = PBXProject;
			attributes = {
				LastSwiftUpdateCheck = 1130;
				LastUpgradeCheck = 1130;
				ORGANIZATIONNAME = "Tim Beals";
				TargetAttributes = {
					B070D6D1245BA9F000FDF4A5 = {
						CreatedOnToolsVersion = 11.3.1;
					};
				};
			};
			buildConfigurationList = B070D6CD245BA9F000FDF4A5 /* Build configuration list for PBXProject "PhotoSchoolDemo" */;
			compatibilityVersion = "Xcode 9.3";
			developmentRegion = en;
			hasScannedForEncodings = 0;
			knownRegions = (
				en,
				Base,
			);
			mainGroup = B070D6C9245BA9F000FDF4A5;
			productRefGroup = B070D6D3245BA9F000FDF4A5 /* Products */;
			projectDirPath = "";
			projectRoot = "";
			targets = (
				B070D6D1245BA9F000FDF4A5 /* PhotoSchoolDemo */,
			);
		};
/* End PBXProject section */

/* Begin PBXResourcesBuildPhase section */
		B070D6D0245BA9F000FDF4A5 /* Resources */ = {
			isa = PBXResourcesBuildPhase;
			buildActionMask = 2147483647;
			files = (
				B070D6E2245BA9F100FDF4A5 /* LaunchScreen.storyboard in Resources */,
				B070D6DF245BA9F100FDF4A5 /* Preview Assets.xcassets in Resources */,
				B070D6DC245BA9F100FDF4A5 /* Assets.xcassets in Resources */,
			);
			runOnlyForDeploymentPostprocessing = 0;
		};
/* End PBXResourcesBuildPhase section */

/* Begin PBXSourcesBuildPhase section */
		B070D6CE245BA9F000FDF4A5 /* Sources */ = {
			isa = PBXSourcesBuildPhase;
			buildActionMask = 2147483647;
			files = (
				B070D6F0245BDBF200FDF4A5 /* WebService.swift in Sources */,
				B0D3F1DE245CAB8E003E44B6 /* AsyncImage.swift in Sources */,
				B0BD9D2B245F733C00FE4182 /* ImageCache.swift in Sources */,
				B070D6D6245BA9F000FDF4A5 /* AppDelegate.swift in Sources */,
				B09C5BD1245DEAF8008B141C /* VideoPlayer.swift in Sources */,
				B0C76BD0245E2428001B47BF /* Environment.swift in Sources */,
				B070D6EB245BD74400FDF4A5 /* Video.swift in Sources */,
				B070D6F3245BDEE500FDF4A5 /* VideoListViewModel.swift in Sources */,
				B070D6D8245BA9F000FDF4A5 /* SceneDelegate.swift in Sources */,
				B0BD9D25245F1FED00FE4182 /* ActionableVideoView.swift in Sources */,
				B02DF388245C685D00F29F4C /* ImageLoader.swift in Sources */,
				B070D6DA245BA9F000FDF4A5 /* VideoListView.swift in Sources */,
				B070D6EE245BD79800FDF4A5 /* VideoService.swift in Sources */,
				B09C5BC6245DB99C008B141C /* VideoDetailView.swift in Sources */,
				B09C5BCF245DE2ED008B141C /* TestPreviewVideoResult.swift in Sources */,
				B09C5BCC245DDFF1008B141C /* VideoRowView.swift in Sources */,
				B09C5BD3245DED54008B141C /* VideoPlayerView.swift in Sources */,
			);
			runOnlyForDeploymentPostprocessing = 0;
		};
/* End PBXSourcesBuildPhase section */

/* Begin PBXVariantGroup section */
		B070D6E0245BA9F100FDF4A5 /* LaunchScreen.storyboard */ = {
			isa = PBXVariantGroup;
			children = (
				B070D6E1245BA9F100FDF4A5 /* Base */,
			);
			name = LaunchScreen.storyboard;
			sourceTree = "<group>";
		};
/* End PBXVariantGroup section */

/* Begin XCBuildConfiguration section */
		B070D6E4245BA9F100FDF4A5 /* Debug */ = {
			isa = XCBuildConfiguration;
			buildSettings = {
				ALWAYS_SEARCH_USER_PATHS = NO;
				CLANG_ANALYZER_NONNULL = YES;
				CLANG_ANALYZER_NUMBER_OBJECT_CONVERSION = YES_AGGRESSIVE;
				CLANG_CXX_LANGUAGE_STANDARD = "gnu++14";
				CLANG_CXX_LIBRARY = "libc++";
				CLANG_ENABLE_MODULES = YES;
				CLANG_ENABLE_OBJC_ARC = YES;
				CLANG_ENABLE_OBJC_WEAK = YES;
				CLANG_WARN_BLOCK_CAPTURE_AUTORELEASING = YES;
				CLANG_WARN_BOOL_CONVERSION = YES;
				CLANG_WARN_COMMA = YES;
				CLANG_WARN_CONSTANT_CONVERSION = YES;
				CLANG_WARN_DEPRECATED_OBJC_IMPLEMENTATIONS = YES;
				CLANG_WARN_DIRECT_OBJC_ISA_USAGE = YES_ERROR;
				CLANG_WARN_DOCUMENTATION_COMMENTS = YES;
				CLANG_WARN_EMPTY_BODY = YES;
				CLANG_WARN_ENUM_CONVERSION = YES;
				CLANG_WARN_INFINITE_RECURSION = YES;
				CLANG_WARN_INT_CONVERSION = YES;
				CLANG_WARN_NON_LITERAL_NULL_CONVERSION = YES;
				CLANG_WARN_OBJC_IMPLICIT_RETAIN_SELF = YES;
				CLANG_WARN_OBJC_LITERAL_CONVERSION = YES;
				CLANG_WARN_OBJC_ROOT_CLASS = YES_ERROR;
				CLANG_WARN_RANGE_LOOP_ANALYSIS = YES;
				CLANG_WARN_STRICT_PROTOTYPES = YES;
				CLANG_WARN_SUSPICIOUS_MOVE = YES;
				CLANG_WARN_UNGUARDED_AVAILABILITY = YES_AGGRESSIVE;
				CLANG_WARN_UNREACHABLE_CODE = YES;
				CLANG_WARN__DUPLICATE_METHOD_MATCH = YES;
				COPY_PHASE_STRIP = NO;
				DEBUG_INFORMATION_FORMAT = dwarf;
				ENABLE_STRICT_OBJC_MSGSEND = YES;
				ENABLE_TESTABILITY = YES;
				GCC_C_LANGUAGE_STANDARD = gnu11;
				GCC_DYNAMIC_NO_PIC = NO;
				GCC_NO_COMMON_BLOCKS = YES;
				GCC_OPTIMIZATION_LEVEL = 0;
				GCC_PREPROCESSOR_DEFINITIONS = (
					"DEBUG=1",
					"$(inherited)",
				);
				GCC_WARN_64_TO_32_BIT_CONVERSION = YES;
				GCC_WARN_ABOUT_RETURN_TYPE = YES_ERROR;
				GCC_WARN_UNDECLARED_SELECTOR = YES;
				GCC_WARN_UNINITIALIZED_AUTOS = YES_AGGRESSIVE;
				GCC_WARN_UNUSED_FUNCTION = YES;
				GCC_WARN_UNUSED_VARIABLE = YES;
				IPHONEOS_DEPLOYMENT_TARGET = 13.2;
				MTL_ENABLE_DEBUG_INFO = INCLUDE_SOURCE;
				MTL_FAST_MATH = YES;
				ONLY_ACTIVE_ARCH = YES;
				SDKROOT = iphoneos;
				SWIFT_ACTIVE_COMPILATION_CONDITIONS = DEBUG;
				SWIFT_OPTIMIZATION_LEVEL = "-Onone";
			};
			name = Debug;
		};
		B070D6E5245BA9F100FDF4A5 /* Release */ = {
			isa = XCBuildConfiguration;
			buildSettings = {
				ALWAYS_SEARCH_USER_PATHS = NO;
				CLANG_ANALYZER_NONNULL = YES;
				CLANG_ANALYZER_NUMBER_OBJECT_CONVERSION = YES_AGGRESSIVE;
				CLANG_CXX_LANGUAGE_STANDARD = "gnu++14";
				CLANG_CXX_LIBRARY = "libc++";
				CLANG_ENABLE_MODULES = YES;
				CLANG_ENABLE_OBJC_ARC = YES;
				CLANG_ENABLE_OBJC_WEAK = YES;
				CLANG_WARN_BLOCK_CAPTURE_AUTORELEASING = YES;
				CLANG_WARN_BOOL_CONVERSION = YES;
				CLANG_WARN_COMMA = YES;
				CLANG_WARN_CONSTANT_CONVERSION = YES;
				CLANG_WARN_DEPRECATED_OBJC_IMPLEMENTATIONS = YES;
				CLANG_WARN_DIRECT_OBJC_ISA_USAGE = YES_ERROR;
				CLANG_WARN_DOCUMENTATION_COMMENTS = YES;
				CLANG_WARN_EMPTY_BODY = YES;
				CLANG_WARN_ENUM_CONVERSION = YES;
				CLANG_WARN_INFINITE_RECURSION = YES;
				CLANG_WARN_INT_CONVERSION = YES;
				CLANG_WARN_NON_LITERAL_NULL_CONVERSION = YES;
				CLANG_WARN_OBJC_IMPLICIT_RETAIN_SELF = YES;
				CLANG_WARN_OBJC_LITERAL_CONVERSION = YES;
				CLANG_WARN_OBJC_ROOT_CLASS = YES_ERROR;
				CLANG_WARN_RANGE_LOOP_ANALYSIS = YES;
				CLANG_WARN_STRICT_PROTOTYPES = YES;
				CLANG_WARN_SUSPICIOUS_MOVE = YES;
				CLANG_WARN_UNGUARDED_AVAILABILITY = YES_AGGRESSIVE;
				CLANG_WARN_UNREACHABLE_CODE = YES;
				CLANG_WARN__DUPLICATE_METHOD_MATCH = YES;
				COPY_PHASE_STRIP = NO;
				DEBUG_INFORMATION_FORMAT = "dwarf-with-dsym";
				ENABLE_NS_ASSERTIONS = NO;
				ENABLE_STRICT_OBJC_MSGSEND = YES;
				GCC_C_LANGUAGE_STANDARD = gnu11;
				GCC_NO_COMMON_BLOCKS = YES;
				GCC_WARN_64_TO_32_BIT_CONVERSION = YES;
				GCC_WARN_ABOUT_RETURN_TYPE = YES_ERROR;
				GCC_WARN_UNDECLARED_SELECTOR = YES;
				GCC_WARN_UNINITIALIZED_AUTOS = YES_AGGRESSIVE;
				GCC_WARN_UNUSED_FUNCTION = YES;
				GCC_WARN_UNUSED_VARIABLE = YES;
				IPHONEOS_DEPLOYMENT_TARGET = 13.2;
				MTL_ENABLE_DEBUG_INFO = NO;
				MTL_FAST_MATH = YES;
				SDKROOT = iphoneos;
				SWIFT_COMPILATION_MODE = wholemodule;
				SWIFT_OPTIMIZATION_LEVEL = "-O";
				VALIDATE_PRODUCT = YES;
			};
			name = Release;
		};
		B070D6E7245BA9F100FDF4A5 /* Debug */ = {
			isa = XCBuildConfiguration;
			buildSettings = {
				ASSETCATALOG_COMPILER_APPICON_NAME = AppIcon;
				CODE_SIGN_STYLE = Automatic;
				DEVELOPMENT_ASSET_PATHS = "\"PhotoSchoolDemo/Preview Content\"";
				DEVELOPMENT_TEAM = 2733C6P24Y;
				ENABLE_PREVIEWS = YES;
				INFOPLIST_FILE = PhotoSchoolDemo/Info.plist;
				LD_RUNPATH_SEARCH_PATHS = (
					"$(inherited)",
					"@executable_path/Frameworks",
				);
				PRODUCT_BUNDLE_IDENTIFIER = com.roobicreative.PhotoSchoolDemo;
				PRODUCT_NAME = "$(TARGET_NAME)";
				SWIFT_VERSION = 5.0;
				TARGETED_DEVICE_FAMILY = "1,2";
			};
			name = Debug;
		};
		B070D6E8245BA9F100FDF4A5 /* Release */ = {
			isa = XCBuildConfiguration;
			buildSettings = {
				ASSETCATALOG_COMPILER_APPICON_NAME = AppIcon;
				CODE_SIGN_STYLE = Automatic;
				DEVELOPMENT_ASSET_PATHS = "\"PhotoSchoolDemo/Preview Content\"";
				DEVELOPMENT_TEAM = 2733C6P24Y;
				ENABLE_PREVIEWS = YES;
				INFOPLIST_FILE = PhotoSchoolDemo/Info.plist;
				LD_RUNPATH_SEARCH_PATHS = (
					"$(inherited)",
					"@executable_path/Frameworks",
				);
				PRODUCT_BUNDLE_IDENTIFIER = com.roobicreative.PhotoSchoolDemo;
				PRODUCT_NAME = "$(TARGET_NAME)";
				SWIFT_VERSION = 5.0;
				TARGETED_DEVICE_FAMILY = "1,2";
			};
			name = Release;
		};
/* End XCBuildConfiguration section */

/* Begin XCConfigurationList section */
		B070D6CD245BA9F000FDF4A5 /* Build configuration list for PBXProject "PhotoSchoolDemo" */ = {
			isa = XCConfigurationList;
			buildConfigurations = (
				B070D6E4245BA9F100FDF4A5 /* Debug */,
				B070D6E5245BA9F100FDF4A5 /* Release */,
			);
			defaultConfigurationIsVisible = 0;
			defaultConfigurationName = Release;
		};
		B070D6E6245BA9F100FDF4A5 /* Build configuration list for PBXNativeTarget "PhotoSchoolDemo" */ = {
			isa = XCConfigurationList;
			buildConfigurations = (
				B070D6E7245BA9F100FDF4A5 /* Debug */,
				B070D6E8245BA9F100FDF4A5 /* Release */,
			);
			defaultConfigurationIsVisible = 0;
			defaultConfigurationName = Release;
		};
/* End XCConfigurationList section */
	};
	rootObject = B070D6CA245BA9F000FDF4A5 /* Project object */;
}
